
Microsoft Visual Studio Solution File, Format Version 12.00
# Visual Studio 15
Project("{FAE04EC0-301F-11D3-BF4B-00C04F79EFBC}") = "UnityEngine.UI", "UnityEngine.UI.csproj", "{BDAE99FB-7D51-FC07-9F34-52DD2A59D697}"
EndProject
Project("{FAE04EC0-301F-11D3-BF4B-00C04F79EFBC}") = "Assembly-CSharp", "Assembly-CSharp.csproj", "{D548A2A5-3398-230E-A3F7-60C6369D4C6F}"
EndProject
Project("{FAE04EC0-301F-11D3-BF4B-00C04F79EFBC}") = "UnityEditor.UI", "UnityEditor.UI.csproj", "{8F5BFBBF-2F0A-9B80-8DE2-171E44A36928}"
EndProject
Global
	GlobalSection(SolutionConfigurationPlatforms) = preSolution
		Debug|Any CPU = Debug|Any CPU
		Release|Any CPU = Release|Any CPU
	EndGlobalSection
	GlobalSection(ProjectConfigurationPlatforms) = postSolution
		{BDAE99FB-7D51-FC07-9F34-52DD2A59D697}.Debug|Any CPU.ActiveCfg = Debug|Any CPU
		{BDAE99FB-7D51-FC07-9F34-52DD2A59D697}.Debug|Any CPU.Build.0 = Debug|Any CPU
		{BDAE99FB-7D51-FC07-9F34-52DD2A59D697}.Release|Any CPU.ActiveCfg = Release|Any CPU
		{BDAE99FB-7D51-FC07-9F34-52DD2A59D697}.Release|Any CPU.Build.0 = Release|Any CPU
		{D548A2A5-3398-230E-A3F7-60C6369D4C6F}.Debug|Any CPU.ActiveCfg = Debug|Any CPU
		{D548A2A5-3398-230E-A3F7-60C6369D4C6F}.Debug|Any CPU.Build.0 = Debug|Any CPU
		{D548A2A5-3398-230E-A3F7-60C6369D4C6F}.Release|Any CPU.ActiveCfg = Release|Any CPU
		{D548A2A5-3398-230E-A3F7-60C6369D4C6F}.Release|Any CPU.Build.0 = Release|Any CPU
		{8F5BFBBF-2F0A-9B80-8DE2-171E44A36928}.Debug|Any CPU.ActiveCfg = Debug|Any CPU
		{8F5BFBBF-2F0A-9B80-8DE2-171E44A36928}.Debug|Any CPU.Build.0 = Debug|Any CPU
		{8F5BFBBF-2F0A-9B80-8DE2-171E44A36928}.Release|Any CPU.ActiveCfg = Release|Any CPU
		{8F5BFBBF-2F0A-9B80-8DE2-171E44A36928}.Release|Any CPU.Build.0 = Release|Any CPU
	EndGlobalSection
	GlobalSection(SolutionProperties) = preSolution
		HideSolutionNode = FALSE
	EndGlobalSection
EndGlobal
